<Solution>
  <Project Path="RAGChatBot.Application/RAGChatBot.Application.csproj" />
  <Project Path="RAGChatBot.Domain/RAGChatBot.Domain.csproj" />
  <Project Path="RAGChatBot.Infrastructure/RAGChatBot.Infrastructure.csproj" />
  <Project Path="RAGChatBot.Presentation/RAGChatBot.Presentation.csproj" />
  <Project Path="RAGChatBot.Blazor/RAGChatBot.Blazor.csproj" />
</Solution>
